
Microsoft Visual Studio Solution File, Format Version 12.00
# Visual Studio 15
VisualStudioVersion = 15.0.27703.2018
MinimumVisualStudioVersion = 10.0.40219.1
Project("{9A19103F-16F7-4668-BE54-9A1E7A4F7556}") = "KinesisStreamAwaiter", "KinesisStreamAwaiter\KinesisStreamAwaiter.csproj", "{95ABB80E-6B30-458E-8B17-4B38336A6064}"
EndProject
Project("{9A19103F-16F7-4668-BE54-9A1E7A4F7556}") = "KinesisStreamAwaiter.Tests", "KinesisStreamAwaiter.Tests\KinesisStreamAwaiter.Tests.csproj", "{135DCE15-B6EC-4BAE-8FC8-651BC9FCBAB7}"
EndProject
Project("{2150E333-8FDC-42A3-9474-1A3956D46DE8}") = "Solution Items", "Solution Items", "{2C2B0FEE-44D6-40D2-A2A6-A95B3EF99752}"
	ProjectSection(SolutionItems) = preProject
		LICENSE = LICENSE
		README.md = README.md
	EndProjectSection
EndProject
Global
	GlobalSection(SolutionConfigurationPlatforms) = preSolution
		Debug|Any CPU = Debug|Any CPU
		Release|Any CPU = Release|Any CPU
	EndGlobalSection
	GlobalSection(ProjectConfigurationPlatforms) = postSolution
		{95ABB80E-6B30-458E-8B17-4B38336A6064}.Debug|Any CPU.ActiveCfg = Debug|Any CPU
		{95ABB80E-6B30-458E-8B17-4B38336A6064}.Debug|Any CPU.Build.0 = Debug|Any CPU
		{95ABB80E-6B30-458E-8B17-4B38336A6064}.Release|Any CPU.ActiveCfg = Release|Any CPU
		{95ABB80E-6B30-458E-8B17-4B38336A6064}.Release|Any CPU.Build.0 = Release|Any CPU
		{135DCE15-B6EC-4BAE-8FC8-651BC9FCBAB7}.Debug|Any CPU.ActiveCfg = Debug|Any CPU
		{135DCE15-B6EC-4BAE-8FC8-651BC9FCBAB7}.Debug|Any CPU.Build.0 = Debug|Any CPU
		{135DCE15-B6EC-4BAE-8FC8-651BC9FCBAB7}.Release|Any CPU.ActiveCfg = Release|Any CPU
		{135DCE15-B6EC-4BAE-8FC8-651BC9FCBAB7}.Release|Any CPU.Build.0 = Release|Any CPU
	EndGlobalSection
	GlobalSection(SolutionProperties) = preSolution
		HideSolutionNode = FALSE
	EndGlobalSection
	GlobalSection(ExtensibilityGlobals) = postSolution
		SolutionGuid = {C12A0359-1DAC-41C2-A8ED-61A25047A1D1}
	EndGlobalSection
EndGlobal
